
Microsoft Visual Studio Solution File, Format Version 12.00
# Visual Studio Version 16
VisualStudioVersion = 16.0.31129.286
MinimumVisualStudioVersion = 10.0.40219.1
Project("{FAE04EC0-301F-11D3-BF4B-00C04F79EFBC}") = "Location_AAE_ASP_NET", "Location_AAE_ASP_NET\Location_AAE_ASP_NET.csproj", "{4AD40C6A-4933-48EF-A177-710D60524070}"
EndProject
Global
	GlobalSection(SolutionConfigurationPlatforms) = preSolution
		Debug|Any CPU = Debug|Any CPU
		Release|Any CPU = Release|Any CPU
	EndGlobalSection
	GlobalSection(ProjectConfigurationPlatforms) = postSolution
		{4AD40C6A-4933-48EF-A177-710D60524070}.Debug|Any CPU.ActiveCfg = Debug|Any CPU
		{4AD40C6A-4933-48EF-A177-710D60524070}.Debug|Any CPU.Build.0 = Debug|Any CPU
		{4AD40C6A-4933-48EF-A177-710D60524070}.Release|Any CPU.ActiveCfg = Release|Any CPU
		{4AD40C6A-4933-48EF-A177-710D60524070}.Release|Any CPU.Build.0 = Release|Any CPU
	EndGlobalSection
	GlobalSection(SolutionProperties) = preSolution
		HideSolutionNode = FALSE
	EndGlobalSection
	GlobalSection(ExtensibilityGlobals) = postSolution
		SolutionGuid = {1A243A7E-672A-4087-81D8-9F1B1170F013}
	EndGlobalSection
EndGlobal
